
Microsoft Visual Studio Solution File, Format Version 12.00
# Visual Studio Version 17
VisualStudioVersion = 17.13.35825.156 d17.13
MinimumVisualStudioVersion = 10.0.40219.1
Project("{FAE04EC0-301F-11D3-BF4B-00C04F79EFBC}") = "EntityCorePractice", "EntityCorePractice\EntityCorePractice.csproj", "{A401D9ED-E35B-4D2A-A3AB-C90BCBBA16AF}"
EndProject
Global
	GlobalSection(SolutionConfigurationPlatforms) = preSolution
		Debug|Any CPU = Debug|Any CPU
		Release|Any CPU = Release|Any CPU
	EndGlobalSection
	GlobalSection(ProjectConfigurationPlatforms) = postSolution
		{A401D9ED-E35B-4D2A-A3AB-C90BCBBA16AF}.Debug|Any CPU.ActiveCfg = Debug|Any CPU
		{A401D9ED-E35B-4D2A-A3AB-C90BCBBA16AF}.Debug|Any CPU.Build.0 = Debug|Any CPU
		{A401D9ED-E35B-4D2A-A3AB-C90BCBBA16AF}.Release|Any CPU.ActiveCfg = Release|Any CPU
		{A401D9ED-E35B-4D2A-A3AB-C90BCBBA16AF}.Release|Any CPU.Build.0 = Release|Any CPU
	EndGlobalSection
	GlobalSection(SolutionProperties) = preSolution
		HideSolutionNode = FALSE
	EndGlobalSection
	GlobalSection(ExtensibilityGlobals) = postSolution
		SolutionGuid = {81E9F1F0-D9EA-4221-9BF5-1C6A1B1D1DA7}
	EndGlobalSection
EndGlobal
